# This file is generated by running "yarn install" inside your project.
# Manual changes might be lost - proceed with caution!

__metadata:
  version: 5
  cacheKey: 8

"github-markdown-css@npm:^5.1.0":
  version: 5.1.0
  resolution: "github-markdown-css@npm:5.1.0"
  checksum: e3472770dedc9508d30a788bc522beb0c993f08b1f098389619174414c3ce558727d8b3d0c6eed50d156ee0cf04ab667e4bca5149dedc7869b54bd38db0cc5fb
  languageName: node
  linkType: hard

"hugo-github-markdown-style@workspace:.":
  version: 0.0.0-use.local
  resolution: "hugo-github-markdown-style@workspace:."
  dependencies:
    github-markdown-css: ^5.1.0
  languageName: unknown
  linkType: soft
